
Microsoft Visual Studio Solution File, Format Version 12.00
# Visual Studio Version 17
VisualStudioVersion = 17.8.34330.188
MinimumVisualStudioVersion = 10.0.40219.1
Project("{2150E333-8FDC-42A3-9474-1A3956D46DE8}") = "Bootstrapper", "Bootstrapper", "{24F0E134-8CD3-4F64-B637-625D30A4888A}"
EndProject
Project("{2150E333-8FDC-42A3-9474-1A3956D46DE8}") = "Modules", "Modules", "{424DA13F-C9EF-402A-BCFD-EFD0A911B12A}"
EndProject
Project("{2150E333-8FDC-42A3-9474-1A3956D46DE8}") = "A", "A", "{D1CB5990-208E-43E2-B094-22A59C723E59}"
EndProject
Project("{2150E333-8FDC-42A3-9474-1A3956D46DE8}") = "B", "B", "{6C21B300-EA75-4587-8959-5F349AAA74E4}"
EndProject
Project("{2150E333-8FDC-42A3-9474-1A3956D46DE8}") = "C", "C", "{8A750C10-5A62-475E-B4ED-CAD65C074E2C}"
EndProject
Project("{9A19103F-16F7-4668-BE54-9A1E7A4F7556}") = "ModularMono.Modules.A.Api", "src\Modules\A\ModularMono.Modules.A.Api\ModularMono.Modules.A.Api.csproj", "{07B90939-0B59-4542-9885-C199CBBCE905}"
EndProject
Project("{9A19103F-16F7-4668-BE54-9A1E7A4F7556}") = "ModularMono.Modules.B.Api", "src\Modules\B\ModularMono.Modules.B.Api\ModularMono.Modules.B.Api.csproj", "{EF4AB604-4D77-4689-963A-D1AB20739E02}"
EndProject
Project("{9A19103F-16F7-4668-BE54-9A1E7A4F7556}") = "ModularMono.Modules.C.Api", "src\Modules\C\ModularMono.Modules.C.Api\ModularMono.Modules.C.Api.csproj", "{5DF59742-89D0-4DB8-98A4-3A84BA82729A}"
EndProject
Project("{9A19103F-16F7-4668-BE54-9A1E7A4F7556}") = "ModularMono.Bootstrapper", "src\Bootstrapper\ModularMono.Bootstrapper\ModularMono.Bootstrapper.csproj", "{74577715-3FFA-4F8B-AB91-CBAA098624FD}"
EndProject
Project("{9A19103F-16F7-4668-BE54-9A1E7A4F7556}") = "ModularMono.Modules.B.UnitTests", "src\Modules\B\ModularMono.Modules.B.UnitTests\ModularMono.Modules.B.UnitTests.csproj", "{CD4C0D26-1359-420F-9386-BBAB50963EF7}"
EndProject
Project("{9A19103F-16F7-4668-BE54-9A1E7A4F7556}") = "ModularMono.Modules.C.UnitTests", "src\Modules\C\ModularMono.Modules.C.UnitTests\ModularMono.Modules.C.UnitTests.csproj", "{4FEEF6EE-1DC7-44C3-84E0-43EC80E256DB}"
EndProject
Project("{9A19103F-16F7-4668-BE54-9A1E7A4F7556}") = "ModularMono.Modules.A.UnitTests", "src\Modules\A\ModularMono.Modules.A.UnitTests\ModularMono.Modules.A.UnitTests.csproj", "{DD390011-B330-43AA-AA2F-9CF9239095C6}"
EndProject
Project("{2150E333-8FDC-42A3-9474-1A3956D46DE8}") = "D", "D", "{3B7A661D-FCF9-4076-887B-D6904CCA0125}"
EndProject
Project("{2150E333-8FDC-42A3-9474-1A3956D46DE8}") = "F", "F", "{6A2E588D-F2D9-4FEE-96B6-F5B19B353CCD}"
EndProject
Project("{2150E333-8FDC-42A3-9474-1A3956D46DE8}") = "G", "G", "{B1E2A1E3-32B5-4EAD-9D0B-FFC884BD03C2}"
EndProject
Project("{2150E333-8FDC-42A3-9474-1A3956D46DE8}") = "H", "H", "{E058B618-144D-48BE-AECE-DDE23DDDB2FE}"
EndProject
Project("{2150E333-8FDC-42A3-9474-1A3956D46DE8}") = "I", "I", "{C4BD4E7F-C9F4-41CC-AD1F-5E4A9232CE1E}"
EndProject
Project("{2150E333-8FDC-42A3-9474-1A3956D46DE8}") = "J", "J", "{F6A5C47B-5E19-4CB1-97D3-689596851FA0}"
EndProject
Project("{2150E333-8FDC-42A3-9474-1A3956D46DE8}") = "E", "E", "{1D27728A-6149-4498-AC17-1C46859A96B4}"
EndProject
Project("{FAE04EC0-301F-11D3-BF4B-00C04F79EFBC}") = "ModularMono.Modules.D.Api", "src\Modules\D\ModularMono.Modules.D.Api\ModularMono.Modules.D.Api.csproj", "{CE69A4E7-F2DE-4DA6-A3BB-5EB14E1087B4}"
EndProject
Project("{FAE04EC0-301F-11D3-BF4B-00C04F79EFBC}") = "ModularMono.Modules.E.Api", "src\Modules\E\ModularMono.Modules.E.Api\ModularMono.Modules.E.Api.csproj", "{C9D89316-DBBB-467D-9BCA-F1BC5D704A1E}"
EndProject
Project("{FAE04EC0-301F-11D3-BF4B-00C04F79EFBC}") = "ModularMono.Modules.F.Api", "src\Modules\F\ModularMono.Modules.F.Api\ModularMono.Modules.F.Api.csproj", "{55FFEDE7-27E3-41BD-A33F-67DDE86CE119}"
EndProject
Project("{FAE04EC0-301F-11D3-BF4B-00C04F79EFBC}") = "ModularMono.Modules.G.Api", "src\Modules\G\ModularMono.Modules.G.Api\ModularMono.Modules.G.Api.csproj", "{4B28E3ED-3ACC-4D56-995A-8C5B6E2C68CB}"
EndProject
Project("{FAE04EC0-301F-11D3-BF4B-00C04F79EFBC}") = "ModularMono.Modules.H.Api", "src\Modules\H\ModularMono.Modules.H.Api\ModularMono.Modules.H.Api.csproj", "{D269A889-E4CD-4F31-8C34-20E1B8349477}"
EndProject
Project("{FAE04EC0-301F-11D3-BF4B-00C04F79EFBC}") = "ModularMono.Modules.I.Api", "src\Modules\I\ModularMono.Modules.I.Api\ModularMono.Modules.I.Api.csproj", "{FA248FDD-7D1F-4D8E-92A1-4B8645B402A1}"
EndProject
Project("{FAE04EC0-301F-11D3-BF4B-00C04F79EFBC}") = "ModularMono.Modules.J.Api", "src\Modules\J\ModularMono.Modules.J.Api\ModularMono.Modules.J.Api.csproj", "{FA74B03D-903B-4BFE-B0BD-67F986084999}"
EndProject
Project("{FAE04EC0-301F-11D3-BF4B-00C04F79EFBC}") = "ModularMono.Modules.D.UnitTests", "src\Modules\D\ModularMono.Modules.D.UnitTests\ModularMono.Modules.D.UnitTests.csproj", "{A3298CC9-8D61-499F-82C4-0E05D68429B1}"
EndProject
Project("{FAE04EC0-301F-11D3-BF4B-00C04F79EFBC}") = "ModularMono.Modules.E.UnitTests", "src\Modules\E\ModularMono.Modules.E.UnitTests\ModularMono.Modules.E.UnitTests.csproj", "{A9253887-5084-466F-8FC8-0F67DC729331}"
EndProject
Project("{FAE04EC0-301F-11D3-BF4B-00C04F79EFBC}") = "ModularMono.Modules.F.UnitTests", "src\Modules\F\ModularMono.Modules.F.UnitTests\ModularMono.Modules.F.UnitTests.csproj", "{A492B8F9-B486-4195-A63C-F1E4F5B8293A}"
EndProject
Project("{FAE04EC0-301F-11D3-BF4B-00C04F79EFBC}") = "ModularMono.Modules.G.UnitTests", "src\Modules\G\ModularMono.Modules.G.UnitTests\ModularMono.Modules.G.UnitTests.csproj", "{098AD56A-6E12-4FF7-9B0F-127BCE34AA0A}"
EndProject
Project("{FAE04EC0-301F-11D3-BF4B-00C04F79EFBC}") = "ModularMono.Modules.H.UnitTests", "src\Modules\H\ModularMono.Modules.H.UnitTests\ModularMono.Modules.H.UnitTests.csproj", "{4C2F7B73-75D8-40BA-A9CD-14ACFE70FF03}"
EndProject
Project("{FAE04EC0-301F-11D3-BF4B-00C04F79EFBC}") = "ModularMono.Modules.I.UnitTests", "src\Modules\I\ModularMono.Modules.I.UnitTests\ModularMono.Modules.I.UnitTests.csproj", "{F3421204-A40F-439C-9758-5F3387EC366A}"
EndProject
Project("{FAE04EC0-301F-11D3-BF4B-00C04F79EFBC}") = "ModularMono.Modules.J.UnitTests", "src\Modules\J\ModularMono.Modules.J.UnitTests\ModularMono.Modules.J.UnitTests.csproj", "{FE58FCDE-F0B2-412E-801E-4131050BBE7B}"
EndProject
Global
	GlobalSection(SolutionConfigurationPlatforms) = preSolution
		Debug|Any CPU = Debug|Any CPU
		Release|Any CPU = Release|Any CPU
	EndGlobalSection
	GlobalSection(ProjectConfigurationPlatforms) = postSolution
		{07B90939-0B59-4542-9885-C199CBBCE905}.Debug|Any CPU.ActiveCfg = Debug|Any CPU
		{07B90939-0B59-4542-9885-C199CBBCE905}.Debug|Any CPU.Build.0 = Debug|Any CPU
		{07B90939-0B59-4542-9885-C199CBBCE905}.Release|Any CPU.ActiveCfg = Release|Any CPU
		{07B90939-0B59-4542-9885-C199CBBCE905}.Release|Any CPU.Build.0 = Release|Any CPU
		{EF4AB604-4D77-4689-963A-D1AB20739E02}.Debug|Any CPU.ActiveCfg = Debug|Any CPU
		{EF4AB604-4D77-4689-963A-D1AB20739E02}.Debug|Any CPU.Build.0 = Debug|Any CPU
		{EF4AB604-4D77-4689-963A-D1AB20739E02}.Release|Any CPU.ActiveCfg = Release|Any CPU
		{EF4AB604-4D77-4689-963A-D1AB20739E02}.Release|Any CPU.Build.0 = Release|Any CPU
		{5DF59742-89D0-4DB8-98A4-3A84BA82729A}.Debug|Any CPU.ActiveCfg = Debug|Any CPU
		{5DF59742-89D0-4DB8-98A4-3A84BA82729A}.Debug|Any CPU.Build.0 = Debug|Any CPU
		{5DF59742-89D0-4DB8-98A4-3A84BA82729A}.Release|Any CPU.ActiveCfg = Release|Any CPU
		{5DF59742-89D0-4DB8-98A4-3A84BA82729A}.Release|Any CPU.Build.0 = Release|Any CPU
		{74577715-3FFA-4F8B-AB91-CBAA098624FD}.Debug|Any CPU.ActiveCfg = Debug|Any CPU
		{74577715-3FFA-4F8B-AB91-CBAA098624FD}.Debug|Any CPU.Build.0 = Debug|Any CPU
		{74577715-3FFA-4F8B-AB91-CBAA098624FD}.Release|Any CPU.ActiveCfg = Release|Any CPU
		{74577715-3FFA-4F8B-AB91-CBAA098624FD}.Release|Any CPU.Build.0 = Release|Any CPU
		{CD4C0D26-1359-420F-9386-BBAB50963EF7}.Debug|Any CPU.ActiveCfg = Debug|Any CPU
		{CD4C0D26-1359-420F-9386-BBAB50963EF7}.Debug|Any CPU.Build.0 = Debug|Any CPU
		{CD4C0D26-1359-420F-9386-BBAB50963EF7}.Release|Any CPU.ActiveCfg = Release|Any CPU
		{CD4C0D26-1359-420F-9386-BBAB50963EF7}.Release|Any CPU.Build.0 = Release|Any CPU
		{4FEEF6EE-1DC7-44C3-84E0-43EC80E256DB}.Debug|Any CPU.ActiveCfg = Debug|Any CPU
		{4FEEF6EE-1DC7-44C3-84E0-43EC80E256DB}.Debug|Any CPU.Build.0 = Debug|Any CPU
		{4FEEF6EE-1DC7-44C3-84E0-43EC80E256DB}.Release|Any CPU.ActiveCfg = Release|Any CPU
		{4FEEF6EE-1DC7-44C3-84E0-43EC80E256DB}.Release|Any CPU.Build.0 = Release|Any CPU
		{DD390011-B330-43AA-AA2F-9CF9239095C6}.Debug|Any CPU.ActiveCfg = Debug|Any CPU
		{DD390011-B330-43AA-AA2F-9CF9239095C6}.Debug|Any CPU.Build.0 = Debug|Any CPU
		{DD390011-B330-43AA-AA2F-9CF9239095C6}.Release|Any CPU.ActiveCfg = Release|Any CPU
		{DD390011-B330-43AA-AA2F-9CF9239095C6}.Release|Any CPU.Build.0 = Release|Any CPU
		{CE69A4E7-F2DE-4DA6-A3BB-5EB14E1087B4}.Debug|Any CPU.ActiveCfg = Debug|Any CPU
		{CE69A4E7-F2DE-4DA6-A3BB-5EB14E1087B4}.Debug|Any CPU.Build.0 = Debug|Any CPU
		{CE69A4E7-F2DE-4DA6-A3BB-5EB14E1087B4}.Release|Any CPU.ActiveCfg = Release|Any CPU
		{CE69A4E7-F2DE-4DA6-A3BB-5EB14E1087B4}.Release|Any CPU.Build.0 = Release|Any CPU
		{C9D89316-DBBB-467D-9BCA-F1BC5D704A1E}.Debug|Any CPU.ActiveCfg = Debug|Any CPU
		{C9D89316-DBBB-467D-9BCA-F1BC5D704A1E}.Debug|Any CPU.Build.0 = Debug|Any CPU
		{C9D89316-DBBB-467D-9BCA-F1BC5D704A1E}.Release|Any CPU.ActiveCfg = Release|Any CPU
		{C9D89316-DBBB-467D-9BCA-F1BC5D704A1E}.Release|Any CPU.Build.0 = Release|Any CPU
		{55FFEDE7-27E3-41BD-A33F-67DDE86CE119}.Debug|Any CPU.ActiveCfg = Debug|Any CPU
		{55FFEDE7-27E3-41BD-A33F-67DDE86CE119}.Debug|Any CPU.Build.0 = Debug|Any CPU
		{55FFEDE7-27E3-41BD-A33F-67DDE86CE119}.Release|Any CPU.ActiveCfg = Release|Any CPU
		{55FFEDE7-27E3-41BD-A33F-67DDE86CE119}.Release|Any CPU.Build.0 = Release|Any CPU
		{4B28E3ED-3ACC-4D56-995A-8C5B6E2C68CB}.Debug|Any CPU.ActiveCfg = Debug|Any CPU
		{4B28E3ED-3ACC-4D56-995A-8C5B6E2C68CB}.Debug|Any CPU.Build.0 = Debug|Any CPU
		{4B28E3ED-3ACC-4D56-995A-8C5B6E2C68CB}.Release|Any CPU.ActiveCfg = Release|Any CPU
		{4B28E3ED-3ACC-4D56-995A-8C5B6E2C68CB}.Release|Any CPU.Build.0 = Release|Any CPU
		{D269A889-E4CD-4F31-8C34-20E1B8349477}.Debug|Any CPU.ActiveCfg = Debug|Any CPU
		{D269A889-E4CD-4F31-8C34-20E1B8349477}.Debug|Any CPU.Build.0 = Debug|Any CPU
		{D269A889-E4CD-4F31-8C34-20E1B8349477}.Release|Any CPU.ActiveCfg = Release|Any CPU
		{D269A889-E4CD-4F31-8C34-20E1B8349477}.Release|Any CPU.Build.0 = Release|Any CPU
		{FA248FDD-7D1F-4D8E-92A1-4B8645B402A1}.Debug|Any CPU.ActiveCfg = Debug|Any CPU
		{FA248FDD-7D1F-4D8E-92A1-4B8645B402A1}.Debug|Any CPU.Build.0 = Debug|Any CPU
		{FA248FDD-7D1F-4D8E-92A1-4B8645B402A1}.Release|Any CPU.ActiveCfg = Release|Any CPU
		{FA248FDD-7D1F-4D8E-92A1-4B8645B402A1}.Release|Any CPU.Build.0 = Release|Any CPU
		{FA74B03D-903B-4BFE-B0BD-67F986084999}.Debug|Any CPU.ActiveCfg = Debug|Any CPU
		{FA74B03D-903B-4BFE-B0BD-67F986084999}.Debug|Any CPU.Build.0 = Debug|Any CPU
		{FA74B03D-903B-4BFE-B0BD-67F986084999}.Release|Any CPU.ActiveCfg = Release|Any CPU
		{FA74B03D-903B-4BFE-B0BD-67F986084999}.Release|Any CPU.Build.0 = Release|Any CPU
		{A3298CC9-8D61-499F-82C4-0E05D68429B1}.Debug|Any CPU.ActiveCfg = Debug|Any CPU
		{A3298CC9-8D61-499F-82C4-0E05D68429B1}.Debug|Any CPU.Build.0 = Debug|Any CPU
		{A3298CC9-8D61-499F-82C4-0E05D68429B1}.Release|Any CPU.ActiveCfg = Release|Any CPU
		{A3298CC9-8D61-499F-82C4-0E05D68429B1}.Release|Any CPU.Build.0 = Release|Any CPU
		{A9253887-5084-466F-8FC8-0F67DC729331}.Debug|Any CPU.ActiveCfg = Debug|Any CPU
		{A9253887-5084-466F-8FC8-0F67DC729331}.Debug|Any CPU.Build.0 = Debug|Any CPU
		{A9253887-5084-466F-8FC8-0F67DC729331}.Release|Any CPU.ActiveCfg = Release|Any CPU
		{A9253887-5084-466F-8FC8-0F67DC729331}.Release|Any CPU.Build.0 = Release|Any CPU
		{A492B8F9-B486-4195-A63C-F1E4F5B8293A}.Debug|Any CPU.ActiveCfg = Debug|Any CPU
		{A492B8F9-B486-4195-A63C-F1E4F5B8293A}.Debug|Any CPU.Build.0 = Debug|Any CPU
		{A492B8F9-B486-4195-A63C-F1E4F5B8293A}.Release|Any CPU.ActiveCfg = Release|Any CPU
		{A492B8F9-B486-4195-A63C-F1E4F5B8293A}.Release|Any CPU.Build.0 = Release|Any CPU
		{098AD56A-6E12-4FF7-9B0F-127BCE34AA0A}.Debug|Any CPU.ActiveCfg = Debug|Any CPU
		{098AD56A-6E12-4FF7-9B0F-127BCE34AA0A}.Debug|Any CPU.Build.0 = Debug|Any CPU
		{098AD56A-6E12-4FF7-9B0F-127BCE34AA0A}.Release|Any CPU.ActiveCfg = Release|Any CPU
		{098AD56A-6E12-4FF7-9B0F-127BCE34AA0A}.Release|Any CPU.Build.0 = Release|Any CPU
		{4C2F7B73-75D8-40BA-A9CD-14ACFE70FF03}.Debug|Any CPU.ActiveCfg = Debug|Any CPU
		{4C2F7B73-75D8-40BA-A9CD-14ACFE70FF03}.Debug|Any CPU.Build.0 = Debug|Any CPU
		{4C2F7B73-75D8-40BA-A9CD-14ACFE70FF03}.Release|Any CPU.ActiveCfg = Release|Any CPU
		{4C2F7B73-75D8-40BA-A9CD-14ACFE70FF03}.Release|Any CPU.Build.0 = Release|Any CPU
		{F3421204-A40F-439C-9758-5F3387EC366A}.Debug|Any CPU.ActiveCfg = Debug|Any CPU
		{F3421204-A40F-439C-9758-5F3387EC366A}.Debug|Any CPU.Build.0 = Debug|Any CPU
		{F3421204-A40F-439C-9758-5F3387EC366A}.Release|Any CPU.ActiveCfg = Release|Any CPU
		{F3421204-A40F-439C-9758-5F3387EC366A}.Release|Any CPU.Build.0 = Release|Any CPU
		{FE58FCDE-F0B2-412E-801E-4131050BBE7B}.Debug|Any CPU.ActiveCfg = Debug|Any CPU
		{FE58FCDE-F0B2-412E-801E-4131050BBE7B}.Debug|Any CPU.Build.0 = Debug|Any CPU
		{FE58FCDE-F0B2-412E-801E-4131050BBE7B}.Release|Any CPU.ActiveCfg = Release|Any CPU
		{FE58FCDE-F0B2-412E-801E-4131050BBE7B}.Release|Any CPU.Build.0 = Release|Any CPU
	EndGlobalSection
	GlobalSection(SolutionProperties) = preSolution
		HideSolutionNode = FALSE
	EndGlobalSection
	GlobalSection(NestedProjects) = preSolution
		{D1CB5990-208E-43E2-B094-22A59C723E59} = {424DA13F-C9EF-402A-BCFD-EFD0A911B12A}
		{6C21B300-EA75-4587-8959-5F349AAA74E4} = {424DA13F-C9EF-402A-BCFD-EFD0A911B12A}
		{8A750C10-5A62-475E-B4ED-CAD65C074E2C} = {424DA13F-C9EF-402A-BCFD-EFD0A911B12A}
		{07B90939-0B59-4542-9885-C199CBBCE905} = {D1CB5990-208E-43E2-B094-22A59C723E59}
		{EF4AB604-4D77-4689-963A-D1AB20739E02} = {6C21B300-EA75-4587-8959-5F349AAA74E4}
		{5DF59742-89D0-4DB8-98A4-3A84BA82729A} = {8A750C10-5A62-475E-B4ED-CAD65C074E2C}
		{74577715-3FFA-4F8B-AB91-CBAA098624FD} = {24F0E134-8CD3-4F64-B637-625D30A4888A}
		{CD4C0D26-1359-420F-9386-BBAB50963EF7} = {6C21B300-EA75-4587-8959-5F349AAA74E4}
		{4FEEF6EE-1DC7-44C3-84E0-43EC80E256DB} = {8A750C10-5A62-475E-B4ED-CAD65C074E2C}
		{DD390011-B330-43AA-AA2F-9CF9239095C6} = {D1CB5990-208E-43E2-B094-22A59C723E59}
		{3B7A661D-FCF9-4076-887B-D6904CCA0125} = {424DA13F-C9EF-402A-BCFD-EFD0A911B12A}
		{6A2E588D-F2D9-4FEE-96B6-F5B19B353CCD} = {424DA13F-C9EF-402A-BCFD-EFD0A911B12A}
		{B1E2A1E3-32B5-4EAD-9D0B-FFC884BD03C2} = {424DA13F-C9EF-402A-BCFD-EFD0A911B12A}
		{E058B618-144D-48BE-AECE-DDE23DDDB2FE} = {424DA13F-C9EF-402A-BCFD-EFD0A911B12A}
		{C4BD4E7F-C9F4-41CC-AD1F-5E4A9232CE1E} = {424DA13F-C9EF-402A-BCFD-EFD0A911B12A}
		{F6A5C47B-5E19-4CB1-97D3-689596851FA0} = {424DA13F-C9EF-402A-BCFD-EFD0A911B12A}
		{1D27728A-6149-4498-AC17-1C46859A96B4} = {424DA13F-C9EF-402A-BCFD-EFD0A911B12A}
		{CE69A4E7-F2DE-4DA6-A3BB-5EB14E1087B4} = {3B7A661D-FCF9-4076-887B-D6904CCA0125}
		{C9D89316-DBBB-467D-9BCA-F1BC5D704A1E} = {1D27728A-6149-4498-AC17-1C46859A96B4}
		{55FFEDE7-27E3-41BD-A33F-67DDE86CE119} = {6A2E588D-F2D9-4FEE-96B6-F5B19B353CCD}
		{4B28E3ED-3ACC-4D56-995A-8C5B6E2C68CB} = {B1E2A1E3-32B5-4EAD-9D0B-FFC884BD03C2}
		{D269A889-E4CD-4F31-8C34-20E1B8349477} = {E058B618-144D-48BE-AECE-DDE23DDDB2FE}
		{FA248FDD-7D1F-4D8E-92A1-4B8645B402A1} = {C4BD4E7F-C9F4-41CC-AD1F-5E4A9232CE1E}
		{FA74B03D-903B-4BFE-B0BD-67F986084999} = {F6A5C47B-5E19-4CB1-97D3-689596851FA0}
		{A3298CC9-8D61-499F-82C4-0E05D68429B1} = {3B7A661D-FCF9-4076-887B-D6904CCA0125}
		{A9253887-5084-466F-8FC8-0F67DC729331} = {1D27728A-6149-4498-AC17-1C46859A96B4}
		{A492B8F9-B486-4195-A63C-F1E4F5B8293A} = {6A2E588D-F2D9-4FEE-96B6-F5B19B353CCD}
		{098AD56A-6E12-4FF7-9B0F-127BCE34AA0A} = {B1E2A1E3-32B5-4EAD-9D0B-FFC884BD03C2}
		{4C2F7B73-75D8-40BA-A9CD-14ACFE70FF03} = {E058B618-144D-48BE-AECE-DDE23DDDB2FE}
		{F3421204-A40F-439C-9758-5F3387EC366A} = {C4BD4E7F-C9F4-41CC-AD1F-5E4A9232CE1E}
		{FE58FCDE-F0B2-412E-801E-4131050BBE7B} = {F6A5C47B-5E19-4CB1-97D3-689596851FA0}
	EndGlobalSection
	GlobalSection(ExtensibilityGlobals) = postSolution
		SolutionGuid = {341EF0A1-EA46-4848-A83B-1CA1A7951C2A}
	EndGlobalSection
EndGlobal
